github.com/Mordadin/funtemps v0.0.0-20230327133946-76518e3ca04a h1:udTAp1SQJtN0bgBFfy/bgt3Tb3UlfbYbxZEgs1hpaQY=
github.com/Mordadin/funtemps v0.0.0-20230327133946-76518e3ca04a/go.mod h1:SilfItk9jx4XVVvlFxaN5mkXWJr1yYwno2iY4TiQuWY=
github.com/Mordadin/is105sem03 v0.0.0-20230421073459-d9671775d649 h1:Sx/PVCYypoTPZo4ESa0QAZuzFmH5+NXI2k/AnjklXwc=
github.com/Mordadin/is105sem03 v0.0.0-20230421073459-d9671775d649/go.mod h1:0aPZ6jeC2a6ILwnWSykNvXoPn/EcWJJ7SiAdsZuP7Yg=
github.com/Mordadin/minyr v0.0.0-20230328144252-2d34d7e122a8 h1:OSVP9SoiaRj5SxOBatfiJWXOfkcUrVq0EKhcp5eYQTg=
github.com/Mordadin/minyr v0.0.0-20230328144252-2d34d7e122a8/go.mod h1:DKQQv6PSbXz2xRah432DZ3oHAXs0xQpKszD5ZXjvkPo=
